Microsoft Visual Studio Solution File, Format Version 12.00
# Visual Studio Version 17
VisualStudioVersion = 17.7.34024.191
MinimumVisualStudioVersion = 10.0.40219.1
Project("{2150E333-8FDC-42A3-9474-1A3956D46DE8}") = "AdvancedC#", "AdvancedC#", "{C5AA7F2E-6733-4B87-92A4-E74F2C7CA3B4}"
EndProject
Project("{2150E333-8FDC-42A3-9474-1A3956D46DE8}") = "DebuggingFundamentals", "DebuggingFundamentals", "{E4B89712-00AE-40B9-8D63-1C8864EC7B43}"
EndProject
Project("{2150E333-8FDC-42A3-9474-1A3956D46DE8}") = "FundamentalsTasks", "FundamentalsTasks", "{D208E76A-7A75-4BEC-A891-D5AF74792EAF}"
EndProject
Project("{9A19103F-16F7-4668-BE54-9A1E7A4F7556}") = "Task1", "DebuggingFundamentals\Task1\Task1.csproj", "{83C9F187-2E49-4FF7-970A-4DB2A1A9A3FA}"
EndProject
Project("{9A19103F-16F7-4668-BE54-9A1E7A4F7556}") = "Task1.Tests", "DebuggingFundamentals\Task1.Tests\Task1.Tests.csproj", "{6E1B555A-F624-4F7D-99D9-4CE07F7D827F}"
EndProject
Project("{9A19103F-16F7-4668-BE54-9A1E7A4F7556}") = "ConsoleApp", "FundamentalsTasks\ConsoleApp\ConsoleApp.csproj", "{57FC82B3-C1A2-4B57-9C28-815325A5C6D4}"
EndProject
Project("{9A19103F-16F7-4668-BE54-9A1E7A4F7556}") = "HelloWorldLibrary", "FundamentalsTasks\HelloWorldLibrary\HelloWorldLibrary.csproj", "{E06D7314-38A9-4505-AD96-364139C70DCB}"
EndProject
Project("{9A19103F-16F7-4668-BE54-9A1E7A4F7556}") = "StandardLibraryConcat", "FundamentalsTasks\StandardLibraryConcat\StandardLibraryConcat.csproj", "{3E722779-1761-4208-B844-DE69442A49C7}"
EndProject
Project("{9A19103F-16F7-4668-BE54-9A1E7A4F7556}") = "FileSystemVisitorPL", "AdvancedC#\FileSystemVisitorPL\FileSystemVisitorPL.csproj", "{601389D2-FF96-47F8-8AE3-8E6577C276FD}"
EndProject
Project("{9A19103F-16F7-4668-BE54-9A1E7A4F7556}") = "FileSystemVisitorTests", "AdvancedC#\FileSystemVisitorTests\FileSystemVisitorTests.csproj", "{16B32515-FE27-47A3-A96C-5A3A5AE167A0}"
EndProject
Project("{2150E333-8FDC-42A3-9474-1A3956D46DE8}") = "Reflection", "Reflection", "{C197E5EB-64E7-4B9D-BC19-7793DBA3CC96}"
EndProject
Project("{9A19103F-16F7-4668-BE54-9A1E7A4F7556}") = "CustomConfigurationDemo", "Reflection\CustomConfigurationDemo\CustomConfigurationDemo.csproj", "{85F239AD-F447-4BA6-994D-9556987D594F}"
EndProject
Project("{9A19103F-16F7-4668-BE54-9A1E7A4F7556}") = "FileConfigurationProviderProject", "Reflection\FileConfigurationProviderProject\FileConfigurationProviderProject.csproj", "{88E9E054-7A98-4B2E-ADB3-33BF265EB25E}"
EndProject
Project("{9A19103F-16F7-4668-BE54-9A1E7A4F7556}") = "ConfigurationManagerConfigurationProviderProject", "Reflection\ConfigurationManagerConfigurationProviderProject\ConfigurationManagerConfigurationProviderProject.csproj", "{C287A7B0-B3BA-4F57-9390-3A61E3FAD26C}"
EndProject
Project("{9A19103F-16F7-4668-BE54-9A1E7A4F7556}") = "CommonProvidersProject", "Reflection\CommonProvidersProject\CommonProvidersProject.csproj", "{E04077FE-AA67-4992-8AC0-B965B2196C22}"
EndProject
Project("{2150E333-8FDC-42A3-9474-1A3956D46DE8}") = "SqlFundamentalsDemo", "SqlFundamentalsDemo", "{0CC3A8FF-FF16-4F5C-8E80-8AC7EF14B3E3}"
EndProject
Project("{00D1A9C2-B5F0-4AF3-8072-F6C62B433612}") = "SqlDemo", "SqlFundamentalsDemo\SqlDemo\SqlDemo.sqlproj", "{0FACE639-B2F6-4B5B-8E85-145BD538BB91}"
EndProject
Project("{2150E333-8FDC-42A3-9474-1A3956D46DE8}") = "Unit Testing", "Unit Testing", "{B3C28D88-D08C-47E8-9B63-01555C4E8F55}"
EndProject
Project("{9A19103F-16F7-4668-BE54-9A1E7A4F7556}") = "FizzBuzzKata", "Unit Testing\FizzBuzzKata\FizzBuzzKata.csproj", "{38EC029C-F2F9-40A2-B52B-FC09844034D4}"
EndProject
Project("{9A19103F-16F7-4668-BE54-9A1E7A4F7556}") = "KatasTests", "Unit Testing\KatasTests\KatasTests.csproj", "{44928DD3-CE68-43B4-BD10-9D39AB188EFA}"
EndProject
Project("{9A19103F-16F7-4668-BE54-9A1E7A4F7556}") = "PrimeFactorKata", "Unit Testing\PrimeFactorKata\PrimeFactorKata\PrimeFactorKata.csproj", "{6086CA8C-AD2E-407A-8303-F2C889BF20CC}"
EndProject
Project("{9A19103F-16F7-4668-BE54-9A1E7A4F7556}") = "OddEvenKata", "Unit Testing\OddEvenKata\OddEvenKata.csproj", "{7443B043-C11D-4A88-BDB6-9550B694F927}"
EndProject
Project("{2150E333-8FDC-42A3-9474-1A3956D46DE8}") = "Logging", "Logging", "{7FE122EB-1E61-4E39-AF10-C054E4631F3E}"
	ProjectSection(SolutionItems) = preProject
		Logging\LogParser.msi = Logging\LogParser.msi
	EndProjectSection
EndProject
Project("{9A19103F-16F7-4668-BE54-9A1E7A4F7556}") = "BrainstormSessions", "Logging\Logging\BrainstormSessions\BrainstormSessions.csproj", "{B904D416-BA71-4F38-B332-4C48F17EEB52}"
EndProject
Project("{9A19103F-16F7-4668-BE54-9A1E7A4F7556}") = "BrainstormSessions.Test", "Logging\Logging\BrainstormSessions.Test\BrainstormSessions.Test.csproj", "{CBC6826B-2972-40C5-A21D-62A45C658754}"
EndProject
Global
	GlobalSection(SolutionConfigurationPlatforms) = preSolution
		Debug|Any CPU = Debug|Any CPU
		Release|Any CPU = Release|Any CPU
	EndGlobalSection
	GlobalSection(ProjectConfigurationPlatforms) = postSolution
		{83C9F187-2E49-4FF7-970A-4DB2A1A9A3FA}.Debug|Any CPU.ActiveCfg = Debug|Any CPU
		{83C9F187-2E49-4FF7-970A-4DB2A1A9A3FA}.Debug|Any CPU.Build.0 = Debug|Any CPU
		{83C9F187-2E49-4FF7-970A-4DB2A1A9A3FA}.Release|Any CPU.ActiveCfg = Release|Any CPU
		{83C9F187-2E49-4FF7-970A-4DB2A1A9A3FA}.Release|Any CPU.Build.0 = Release|Any CPU
		{6E1B555A-F624-4F7D-99D9-4CE07F7D827F}.Debug|Any CPU.ActiveCfg = Debug|Any CPU
		{6E1B555A-F624-4F7D-99D9-4CE07F7D827F}.Debug|Any CPU.Build.0 = Debug|Any CPU
		{6E1B555A-F624-4F7D-99D9-4CE07F7D827F}.Release|Any CPU.ActiveCfg = Release|Any CPU
		{6E1B555A-F624-4F7D-99D9-4CE07F7D827F}.Release|Any CPU.Build.0 = Release|Any CPU
		{57FC82B3-C1A2-4B57-9C28-815325A5C6D4}.Debug|Any CPU.ActiveCfg = Debug|Any CPU
		{57FC82B3-C1A2-4B57-9C28-815325A5C6D4}.Debug|Any CPU.Build.0 = Debug|Any CPU
		{57FC82B3-C1A2-4B57-9C28-815325A5C6D4}.Release|Any CPU.ActiveCfg = Release|Any CPU
		{57FC82B3-C1A2-4B57-9C28-815325A5C6D4}.Release|Any CPU.Build.0 = Release|Any CPU
		{E06D7314-38A9-4505-AD96-364139C70DCB}.Debug|Any CPU.ActiveCfg = Debug|Any CPU
		{E06D7314-38A9-4505-AD96-364139C70DCB}.Debug|Any CPU.Build.0 = Debug|Any CPU
		{E06D7314-38A9-4505-AD96-364139C70DCB}.Release|Any CPU.ActiveCfg = Release|Any CPU
		{E06D7314-38A9-4505-AD96-364139C70DCB}.Release|Any CPU.Build.0 = Release|Any CPU
		{3E722779-1761-4208-B844-DE69442A49C7}.Debug|Any CPU.ActiveCfg = Debug|Any CPU
		{3E722779-1761-4208-B844-DE69442A49C7}.Debug|Any CPU.Build.0 = Debug|Any CPU
		{3E722779-1761-4208-B844-DE69442A49C7}.Release|Any CPU.ActiveCfg = Release|Any CPU
		{3E722779-1761-4208-B844-DE69442A49C7}.Release|Any CPU.Build.0 = Release|Any CPU
		{601389D2-FF96-47F8-8AE3-8E6577C276FD}.Debug|Any CPU.ActiveCfg = Debug|Any CPU
		{601389D2-FF96-47F8-8AE3-8E6577C276FD}.Debug|Any CPU.Build.0 = Debug|Any CPU
		{601389D2-FF96-47F8-8AE3-8E6577C276FD}.Release|Any CPU.ActiveCfg = Release|Any CPU
		{601389D2-FF96-47F8-8AE3-8E6577C276FD}.Release|Any CPU.Build.0 = Release|Any CPU
		{16B32515-FE27-47A3-A96C-5A3A5AE167A0}.Debug|Any CPU.ActiveCfg = Debug|Any CPU
		{16B32515-FE27-47A3-A96C-5A3A5AE167A0}.Debug|Any CPU.Build.0 = Debug|Any CPU
		{16B32515-FE27-47A3-A96C-5A3A5AE167A0}.Release|Any CPU.ActiveCfg = Release|Any CPU
		{16B32515-FE27-47A3-A96C-5A3A5AE167A0}.Release|Any CPU.Build.0 = Release|Any CPU
		{85F239AD-F447-4BA6-994D-9556987D594F}.Debug|Any CPU.ActiveCfg = Debug|Any CPU
		{85F239AD-F447-4BA6-994D-9556987D594F}.Debug|Any CPU.Build.0 = Debug|Any CPU
		{85F239AD-F447-4BA6-994D-9556987D594F}.Release|Any CPU.ActiveCfg = Release|Any CPU
		{85F239AD-F447-4BA6-994D-9556987D594F}.Release|Any CPU.Build.0 = Release|Any CPU
		{88E9E054-7A98-4B2E-ADB3-33BF265EB25E}.Debug|Any CPU.ActiveCfg = Debug|Any CPU
		{88E9E054-7A98-4B2E-ADB3-33BF265EB25E}.Debug|Any CPU.Build.0 = Debug|Any CPU
		{88E9E054-7A98-4B2E-ADB3-33BF265EB25E}.Release|Any CPU.ActiveCfg = Release|Any CPU
		{88E9E054-7A98-4B2E-ADB3-33BF265EB25E}.Release|Any CPU.Build.0 = Release|Any CPU
		{C287A7B0-B3BA-4F57-9390-3A61E3FAD26C}.Debug|Any CPU.ActiveCfg = Debug|Any CPU
		{C287A7B0-B3BA-4F57-9390-3A61E3FAD26C}.Debug|Any CPU.Build.0 = Debug|Any CPU
		{C287A7B0-B3BA-4F57-9390-3A61E3FAD26C}.Release|Any CPU.ActiveCfg = Release|Any CPU
		{C287A7B0-B3BA-4F57-9390-3A61E3FAD26C}.Release|Any CPU.Build.0 = Release|Any CPU
		{E04077FE-AA67-4992-8AC0-B965B2196C22}.Debug|Any CPU.ActiveCfg = Debug|Any CPU
		{E04077FE-AA67-4992-8AC0-B965B2196C22}.Debug|Any CPU.Build.0 = Debug|Any CPU
		{E04077FE-AA67-4992-8AC0-B965B2196C22}.Release|Any CPU.ActiveCfg = Release|Any CPU
		{E04077FE-AA67-4992-8AC0-B965B2196C22}.Release|Any CPU.Build.0 = Release|Any CPU
		{0FACE639-B2F6-4B5B-8E85-145BD538BB91}.Debug|Any CPU.ActiveCfg = Debug|Any CPU
		{0FACE639-B2F6-4B5B-8E85-145BD538BB91}.Debug|Any CPU.Build.0 = Debug|Any CPU
		{0FACE639-B2F6-4B5B-8E85-145BD538BB91}.Debug|Any CPU.Deploy.0 = Debug|Any CPU
		{0FACE639-B2F6-4B5B-8E85-145BD538BB91}.Release|Any CPU.ActiveCfg = Release|Any CPU
		{0FACE639-B2F6-4B5B-8E85-145BD538BB91}.Release|Any CPU.Build.0 = Release|Any CPU
		{0FACE639-B2F6-4B5B-8E85-145BD538BB91}.Release|Any CPU.Deploy.0 = Release|Any CPU
		{38EC029C-F2F9-40A2-B52B-FC09844034D4}.Debug|Any CPU.ActiveCfg = Debug|Any CPU
		{38EC029C-F2F9-40A2-B52B-FC09844034D4}.Debug|Any CPU.Build.0 = Debug|Any CPU
		{38EC029C-F2F9-40A2-B52B-FC09844034D4}.Release|Any CPU.ActiveCfg = Release|Any CPU
		{38EC029C-F2F9-40A2-B52B-FC09844034D4}.Release|Any CPU.Build.0 = Release|Any CPU
		{44928DD3-CE68-43B4-BD10-9D39AB188EFA}.Debug|Any CPU.ActiveCfg = Debug|Any CPU
		{44928DD3-CE68-43B4-BD10-9D39AB188EFA}.Debug|Any CPU.Build.0 = Debug|Any CPU
		{44928DD3-CE68-43B4-BD10-9D39AB188EFA}.Release|Any CPU.ActiveCfg = Release|Any CPU
		{44928DD3-CE68-43B4-BD10-9D39AB188EFA}.Release|Any CPU.Build.0 = Release|Any CPU
		{6086CA8C-AD2E-407A-8303-F2C889BF20CC}.Debug|Any CPU.ActiveCfg = Debug|Any CPU
		{6086CA8C-AD2E-407A-8303-F2C889BF20CC}.Debug|Any CPU.Build.0 = Debug|Any CPU
		{6086CA8C-AD2E-407A-8303-F2C889BF20CC}.Release|Any CPU.ActiveCfg = Release|Any CPU
		{6086CA8C-AD2E-407A-8303-F2C889BF20CC}.Release|Any CPU.Build.0 = Release|Any CPU
		{7443B043-C11D-4A88-BDB6-9550B694F927}.Debug|Any CPU.ActiveCfg = Debug|Any CPU
		{7443B043-C11D-4A88-BDB6-9550B694F927}.Debug|Any CPU.Build.0 = Debug|Any CPU
		{7443B043-C11D-4A88-BDB6-9550B694F927}.Release|Any CPU.ActiveCfg = Release|Any CPU
		{7443B043-C11D-4A88-BDB6-9550B694F927}.Release|Any CPU.Build.0 = Release|Any CPU
		{B904D416-BA71-4F38-B332-4C48F17EEB52}.Debug|Any CPU.ActiveCfg = Debug|Any CPU
		{B904D416-BA71-4F38-B332-4C48F17EEB52}.Debug|Any CPU.Build.0 = Debug|Any CPU
		{B904D416-BA71-4F38-B332-4C48F17EEB52}.Release|Any CPU.ActiveCfg = Release|Any CPU
		{B904D416-BA71-4F38-B332-4C48F17EEB52}.Release|Any CPU.Build.0 = Release|Any CPU
		{CBC6826B-2972-40C5-A21D-62A45C658754}.Debug|Any CPU.ActiveCfg = Debug|Any CPU
		{CBC6826B-2972-40C5-A21D-62A45C658754}.Debug|Any CPU.Build.0 = Debug|Any CPU
		{CBC6826B-2972-40C5-A21D-62A45C658754}.Release|Any CPU.ActiveCfg = Release|Any CPU
		{CBC6826B-2972-40C5-A21D-62A45C658754}.Release|Any CPU.Build.0 = Release|Any CPU
	EndGlobalSection
	GlobalSection(SolutionProperties) = preSolution
		HideSolutionNode = FALSE
	EndGlobalSection
	GlobalSection(NestedProjects) = preSolution
		{83C9F187-2E49-4FF7-970A-4DB2A1A9A3FA} = {E4B89712-00AE-40B9-8D63-1C8864EC7B43}
		{6E1B555A-F624-4F7D-99D9-4CE07F7D827F} = {E4B89712-00AE-40B9-8D63-1C8864EC7B43}
		{57FC82B3-C1A2-4B57-9C28-815325A5C6D4} = {D208E76A-7A75-4BEC-A891-D5AF74792EAF}
		{E06D7314-38A9-4505-AD96-364139C70DCB} = {D208E76A-7A75-4BEC-A891-D5AF74792EAF}
		{3E722779-1761-4208-B844-DE69442A49C7} = {D208E76A-7A75-4BEC-A891-D5AF74792EAF}
		{601389D2-FF96-47F8-8AE3-8E6577C276FD} = {C5AA7F2E-6733-4B87-92A4-E74F2C7CA3B4}
		{16B32515-FE27-47A3-A96C-5A3A5AE167A0} = {C5AA7F2E-6733-4B87-92A4-E74F2C7CA3B4}
		{85F239AD-F447-4BA6-994D-9556987D594F} = {C197E5EB-64E7-4B9D-BC19-7793DBA3CC96}
		{88E9E054-7A98-4B2E-ADB3-33BF265EB25E} = {C197E5EB-64E7-4B9D-BC19-7793DBA3CC96}
		{C287A7B0-B3BA-4F57-9390-3A61E3FAD26C} = {C197E5EB-64E7-4B9D-BC19-7793DBA3CC96}
		{E04077FE-AA67-4992-8AC0-B965B2196C22} = {C197E5EB-64E7-4B9D-BC19-7793DBA3CC96}
		{0FACE639-B2F6-4B5B-8E85-145BD538BB91} = {0CC3A8FF-FF16-4F5C-8E80-8AC7EF14B3E3}
		{38EC029C-F2F9-40A2-B52B-FC09844034D4} = {B3C28D88-D08C-47E8-9B63-01555C4E8F55}
		{44928DD3-CE68-43B4-BD10-9D39AB188EFA} = {B3C28D88-D08C-47E8-9B63-01555C4E8F55}
		{6086CA8C-AD2E-407A-8303-F2C889BF20CC} = {B3C28D88-D08C-47E8-9B63-01555C4E8F55}
		{7443B043-C11D-4A88-BDB6-9550B694F927} = {B3C28D88-D08C-47E8-9B63-01555C4E8F55}
		{B904D416-BA71-4F38-B332-4C48F17EEB52} = {7FE122EB-1E61-4E39-AF10-C054E4631F3E}
		{CBC6826B-2972-40C5-A21D-62A45C658754} = {7FE122EB-1E61-4E39-AF10-C054E4631F3E}
	EndGlobalSection
	GlobalSection(ExtensibilityGlobals) = postSolution
		SolutionGuid = {E67B29C8-325A-4DBD-A85A-56B7332CE3EB}
	EndGlobalSection
EndGlobal
